
Microsoft Visual Studio Solution File, Format Version 12.00
# Visual Studio Version 16
VisualStudioVersion = 16.0.31112.23
MinimumVisualStudioVersion = 10.0.40219.1
Project("{FAE04EC0-301F-11D3-BF4B-00C04F79EFBC}") = "NoriSDK", "NoriSDK.csproj", "{8DE2F2EC-5609-4C34-9FC8-E80C54F4C844}"
EndProject
Global
	GlobalSection(SolutionConfigurationPlatforms) = preSolution
		Debug|Any CPU = Debug|Any CPU
		Debug|x86 = Debug|x86
		Release|Any CPU = Release|Any CPU
		Release|x86 = Release|x86
	EndGlobalSection
	GlobalSection(ProjectConfigurationPlatforms) = postSolution
		{8DE2F2EC-5609-4C34-9FC8-E80C54F4C844}.Debug|Any CPU.ActiveCfg = Debug|Any CPU
		{8DE2F2EC-5609-4C34-9FC8-E80C54F4C844}.Debug|Any CPU.Build.0 = Debug|Any CPU
		{8DE2F2EC-5609-4C34-9FC8-E80C54F4C844}.Debug|x86.ActiveCfg = Debug|x86
		{8DE2F2EC-5609-4C34-9FC8-E80C54F4C844}.Debug|x86.Build.0 = Debug|x86
		{8DE2F2EC-5609-4C34-9FC8-E80C54F4C844}.Release|Any CPU.ActiveCfg = Release|Any CPU
		{8DE2F2EC-5609-4C34-9FC8-E80C54F4C844}.Release|Any CPU.Build.0 = Release|Any CPU
		{8DE2F2EC-5609-4C34-9FC8-E80C54F4C844}.Release|x86.ActiveCfg = Release|x86
		{8DE2F2EC-5609-4C34-9FC8-E80C54F4C844}.Release|x86.Build.0 = Release|x86
	EndGlobalSection
	GlobalSection(SolutionProperties) = preSolution
		HideSolutionNode = FALSE
	EndGlobalSection
	GlobalSection(ExtensibilityGlobals) = postSolution
		SolutionGuid = {AC19DB62-4BFA-4055-B316-08A0F2F582FA}
	EndGlobalSection
EndGlobal
